// !$*UTF8*$!
{
	archiveVersion = 1;
	classes = {
	};
	objectVersion = 46;
	objects = {

/* Begin PBXBuildFile section */
		BB80A83A1CEEE27A00677677 /* main.m in Sources */ = {isa = PBXBuildFile; fileRef = BB80A8391CEEE27A00677677 /* main.m */; };
		BB80A83D1CEEE27A00677677 /* AppDelegate.m in Sources */ = {isa = PBXBuildFile; fileRef = BB80A83C1CEEE27A00677677 /* AppDelegate.m */; };
		BB80A8401CEEE27A00677677 /* ViewController.m in Sources */ = {isa = PBXBuildFile; fileRef = BB80A83F1CEEE27A00677677 /* ViewController.m */; };
		BB80A8431CEEE27A00677677 /* Main.storyboard in Resources */ = {isa = PBXBuildFile; fileRef = BB80A8411CEEE27A00677677 /* Main.storyboard */; };
		BB80A8451CEEE27A00677677 /* Assets.xcassets in Resources */ = {isa = PBXBuildFile; fileRef = BB80A8441CEEE27A00677677 /* Assets.xcassets */; };
		BB80A8481CEEE27A00677677 /* LaunchScreen.storyboard in Resources */ = {isa = PBXBuildFile; fileRef = BB80A8461CEEE27A00677677 /* LaunchScreen.storyboard */; };
		BB80A8511CEEE3B100677677 /* UIAlertView+ActionBlock.m in Sources */ = {isa = PBXBuildFile; fileRef = BB80A8501CEEE3B100677677 /* UIAlertView+ActionBlock.m */; };
/* End PBXBuildFile section */

/* Begin PBXFileReference section */
		BB80A8351CEEE27A00677677 /* RunTimeAlert.app */ = {isa = PBXFileReference; explicitFileType = wrapper.application; includeInIndex = 0; path = RunTimeAlert.app; sourceTree = BUILT_PRODUCTS_DIR; };
		BB80A8391CEEE27A00677677 /* main.m */ = {isa = PBXFileReference; lastKnownFileType = sourcecode.c.objc; path = main.m; sourceTree = "<group>"; };
		BB80A83B1CEEE27A00677677 /* AppDelegate.h */ = {isa = PBXFileReference; lastKnownFileType = sourcecode.c.h; path = AppDelegate.h; sourceTree = "<group>"; };
		BB80A83C1CEEE27A00677677 /* AppDelegate.m */ = {isa = PBXFileReference; lastKnownFileType = sourcecode.c.objc; path = AppDelegate.m; sourceTree = "<group>"; };
		BB80A83E1CEEE27A00677677 /* ViewController.h */ = {isa = PBXFileReference; lastKnownFileType = sourcecode.c.h; path = ViewController.h; sourceTree = "<group>"; };
		BB80A83F1CEEE27A00677677 /* ViewController.m */ = {isa = PBXFileReference; lastKnownFileType = sourcecode.c.objc; path = ViewController.m; sourceTree = "<group>"; };
		BB80A8421CEEE27A00677677 /* Base */ = {isa = PBXFileReference; lastKnownFileType = file.storyboard; name = Base; path = Base.lproj/Main.storyboard; sourceTree = "<group>"; };
		BB80A8441CEEE27A00677677 /* Assets.xcassets */ = {isa = PBXFileReference; lastKnownFileType = folder.assetcatalog; path = Assets.xcassets; sourceTree = "<group>"; };
		BB80A8471CEEE27A00677677 /* Base */ = {isa = PBXFileReference; lastKnownFileType = file.storyboard; name = Base; path = Base.lproj/LaunchScreen.storyboard; sourceTree = "<group>"; };
		BB80A8491CEEE27A00677677 /* Info.plist */ = {isa = PBXFileReference; lastKnownFileType = text.plist.xml; path = Info.plist; sourceTree = "<group>"; };
		BB80A84F1CEEE3B100677677 /* UIAlertView+ActionBlock.h */ = {isa = PBXFileReference; fileEncoding = 4; lastKnownFileType = sourcecode.c.h; path = "UIAlertView+ActionBlock.h"; sourceTree = "<group>"; };
		BB80A8501CEEE3B100677677 /* UIAlertView+ActionBlock.m */ = {isa = PBXFileReference; fileEncoding = 4; lastKnownFileType = sourcecode.c.objc; path = "UIAlertView+ActionBlock.m"; sourceTree = "<group>"; };
/* End PBXFileReference section */

/* Begin PBXFrameworksBuildPhase section */
		BB80A8321CEEE27A00677677 /* Frameworks */ = {
			isa = PBXFrameworksBuildPhase;
			buildActionMask = 2147483647;
			files = (
			);
			runOnlyForDeploymentPostprocessing = 0;
		};
/* End PBXFrameworksBuildPhase section */

/* Begin PBXGroup section */
		BB80A82C1CEEE27A00677677 = {
			isa = PBXGroup;
			children = (
				BB80A8371CEEE27A00677677 /* RunTimeAlert */,
				BB80A8361CEEE27A00677677 /* Products */,
			);
			sourceTree = "<group>";
		};
		BB80A8361CEEE27A00677677 /* Products */ = {
			isa = PBXGroup;
			children = (
				BB80A8351CEEE27A00677677 /* RunTimeAlert.app */,
			);
			name = Products;
			sourceTree = "<group>";
		};
		BB80A8371CEEE27A00677677 /* RunTimeAlert */ = {
			isa = PBXGroup;
			children = (
				BB80A83B1CEEE27A00677677 /* AppDelegate.h */,
				BB80A83C1CEEE27A00677677 /* AppDelegate.m */,
				BB80A83E1CEEE27A00677677 /* ViewController.h */,
				BB80A83F1CEEE27A00677677 /* ViewController.m */,
				BB80A8411CEEE27A00677677 /* Main.storyboard */,
				BB80A8441CEEE27A00677677 /* Assets.xcassets */,
				BB80A8461CEEE27A00677677 /* LaunchScreen.storyboard */,
				BB80A8491CEEE27A00677677 /* Info.plist */,
				BB80A8381CEEE27A00677677 /* Supporting Files */,
				BB80A84F1CEEE3B100677677 /* UIAlertView+ActionBlock.h */,
				BB80A8501CEEE3B100677677 /* UIAlertView+ActionBlock.m */,
			);
			path = RunTimeAlert;
			sourceTree = "<group>";
		};
		BB80A8381CEEE27A00677677 /* Supporting Files */ = {
			isa = PBXGroup;
			children = (
				BB80A8391CEEE27A00677677 /* main.m */,
			);
			name = "Supporting Files";
			sourceTree = "<group>";
		};
/* End PBXGroup section */

/* Begin PBXNativeTarget section */
		BB80A8341CEEE27A00677677 /* RunTimeAlert */ = {
			isa = PBXNativeTarget;
			buildConfigurationList = BB80A84C1CEEE27A00677677 /* Build configuration list for PBXNativeTarget "RunTimeAlert" */;
			buildPhases = (
				BB80A8311CEEE27A00677677 /* Sources */,
				BB80A8321CEEE27A00677677 /* Frameworks */,
				BB80A8331CEEE27A00677677 /* Resources */,
			);
			buildRules = (
			);
			dependencies = (
			);
			name = RunTimeAlert;
			productName = RunTimeAlert;
			productReference = BB80A8351CEEE27A00677677 /* RunTimeAlert.app */;
			productType = "com.apple.product-type.application";
		};
/* End PBXNativeTarget section */

/* Begin PBXProject section */
		BB80A82D1CEEE27A00677677 /* Project object */ = {
			isa = PBXProject;
			attributes = {
				LastUpgradeCheck = 0730;
				ORGANIZATIONNAME = yunhu;
				TargetAttributes = {
					BB80A8341CEEE27A00677677 = {
						CreatedOnToolsVersion = 7.3.1;
					};
				};
			};
			buildConfigurationList = BB80A8301CEEE27A00677677 /* Build configuration list for PBXProject "RunTimeAlert" */;
			compatibilityVersion = "Xcode 3.2";
			developmentRegion = English;
			hasScannedForEncodings = 0;
			knownRegions = (
				en,
				Base,
			);
			mainGroup = BB80A82C1CEEE27A00677677;
			productRefGroup = BB80A8361CEEE27A00677677 /* Products */;
			projectDirPath = "";
			projectRoot = "";
			targets = (
				BB80A8341CEEE27A00677677 /* RunTimeAlert */,
			);
		};
/* End PBXProject section */

/* Begin PBXResourcesBuildPhase section */
		BB80A8331CEEE27A00677677 /* Resources */ = {
			isa = PBXResourcesBuildPhase;
			buildActionMask = 2147483647;
			files = (
				BB80A8481CEEE27A00677677 /* LaunchScreen.storyboard in Resources */,
				BB80A8451CEEE27A00677677 /* Assets.xcassets in Resources */,
				BB80A8431CEEE27A00677677 /* Main.storyboard in Resources */,
			);
			runOnlyForDeploymentPostprocessing = 0;
		};
/* End PBXResourcesBuildPhase section */

/* Begin PBXSourcesBuildPhase section */
		BB80A8311CEEE27A00677677 /* Sources */ = {
			isa = PBXSourcesBuildPhase;
			buildActionMask = 2147483647;
			files = (
				BB80A8401CEEE27A00677677 /* ViewController.m in Sources */,
				BB80A8511CEEE3B100677677 /* UIAlertView+ActionBlock.m in Sources */,
				BB80A83D1CEEE27A00677677 /* AppDelegate.m in Sources */,
				BB80A83A1CEEE27A00677677 /* main.m in Sources */,
			);
			runOnlyForDeploymentPostprocessing = 0;
		};
/* End PBXSourcesBuildPhase section */

/* Begin PBXVariantGroup section */
		BB80A8411CEEE27A00677677 /* Main.storyboard */ = {
			isa = PBXVariantGroup;
			children = (
				BB80A8421CEEE27A00677677 /* Base */,
			);
			name = Main.storyboard;
			sourceTree = "<group>";
		};
		BB80A8461CEEE27A00677677 /* LaunchScreen.storyboard */ = {
			isa = PBXVariantGroup;
			children = (
				BB80A8471CEEE27A00677677 /* Base */,
			);
			name = LaunchScreen.storyboard;
			sourceTree = "<group>";
		};
/* End PBXVariantGroup section */

/* Begin XCBuildConfiguration section */
		BB80A84A1CEEE27A00677677 /* Debug */ = {
			isa = XCBuildConfiguration;
			buildSettings = {
				ALWAYS_SEARCH_USER_PATHS = NO;
				CLANG_ANALYZER_NONNULL = YES;
				CLANG_CXX_LANGUAGE_STANDARD = "gnu++0x";
				CLANG_CXX_LIBRARY = "libc++";
				CLANG_ENABLE_MODULES = YES;
				CLANG_ENABLE_OBJC_ARC = YES;
				CLANG_WARN_BOOL_CONVERSION = YES;
				CLANG_WARN_CONSTANT_CONVERSION = YES;
				CLANG_WARN_DIRECT_OBJC_ISA_USAGE = YES_ERROR;
				CLANG_WARN_EMPTY_BODY = YES;
				CLANG_WARN_ENUM_CONVERSION = YES;
				CLANG_WARN_INT_CONVERSION = YES;
				CLANG_WARN_OBJC_ROOT_CLASS = YES_ERROR;
				CLANG_WARN_UNREACHABLE_CODE = YES;
				CLANG_WARN__DUPLICATE_METHOD_MATCH = YES;
				"CODE_SIGN_IDENTITY[sdk=iphoneos*]" = "iPhone Developer";
				COPY_PHASE_STRIP = NO;
				DEBUG_INFORMATION_FORMAT = dwarf;
				ENABLE_STRICT_OBJC_MSGSEND = YES;
				ENABLE_TESTABILITY = YES;
				GCC_C_LANGUAGE_STANDARD = gnu99;
				GCC_DYNAMIC_NO_PIC = NO;
				GCC_NO_COMMON_BLOCKS = YES;
				GCC_OPTIMIZATION_LEVEL = 0;
				GCC_PREPROCESSOR_DEFINITIONS = (
					"DEBUG=1",
					"$(inherited)",
				);
				GCC_WARN_64_TO_32_BIT_CONVERSION = YES;
				GCC_WARN_ABOUT_RETURN_TYPE = YES_ERROR;
				GCC_WARN_UNDECLARED_SELECTOR = YES;
				GCC_WARN_UNINITIALIZED_AUTOS = YES_AGGRESSIVE;
				GCC_WARN_UNUSED_FUNCTION = YES;
				GCC_WARN_UNUSED_VARIABLE = YES;
				IPHONEOS_DEPLOYMENT_TARGET = 9.3;
				MTL_ENABLE_DEBUG_INFO = YES;
				ONLY_ACTIVE_ARCH = YES;
				SDKROOT = iphoneos;
			};
			name = Debug;
		};
		BB80A84B1CEEE27A00677677 /* Release */ = {
			isa = XCBuildConfiguration;
			buildSettings = {
				ALWAYS_SEARCH_USER_PATHS = NO;
				CLANG_ANALYZER_NONNULL = YES;
				CLANG_CXX_LANGUAGE_STANDARD = "gnu++0x";
				CLANG_CXX_LIBRARY = "libc++";
				CLANG_ENABLE_MODULES = YES;
				CLANG_ENABLE_OBJC_ARC = YES;
				CLANG_WARN_BOOL_CONVERSION = YES;
				CLANG_WARN_CONSTANT_CONVERSION = YES;
				CLANG_WARN_DIRECT_OBJC_ISA_USAGE = YES_ERROR;
				CLANG_WARN_EMPTY_BODY = YES;
				CLANG_WARN_ENUM_CONVERSION = YES;
				CLANG_WARN_INT_CONVERSION = YES;
				CLANG_WARN_OBJC_ROOT_CLASS = YES_ERROR;
				CLANG_WARN_UNREACHABLE_CODE = YES;
				CLANG_WARN__DUPLICATE_METHOD_MATCH = YES;
				"CODE_SIGN_IDENTITY[sdk=iphoneos*]" = "iPhone Developer";
				COPY_PHASE_STRIP = NO;
				DEBUG_INFORMATION_FORMAT = "dwarf-with-dsym";
				ENABLE_NS_ASSERTIONS = NO;
				ENABLE_STRICT_OBJC_MSGSEND = YES;
				GCC_C_LANGUAGE_STANDARD = gnu99;
				GCC_NO_COMMON_BLOCKS = YES;
				GCC_WARN_64_TO_32_BIT_CONVERSION = YES;
				GCC_WARN_ABOUT_RETURN_TYPE = YES_ERROR;
				GCC_WARN_UNDECLARED_SELECTOR = YES;
				GCC_WARN_UNINITIALIZED_AUTOS = YES_AGGRESSIVE;
				GCC_WARN_UNUSED_FUNCTION = YES;
				GCC_WARN_UNUSED_VARIABLE = YES;
				IPHONEOS_DEPLOYMENT_TARGET = 9.3;
				MTL_ENABLE_DEBUG_INFO = NO;
				SDKROOT = iphoneos;
				VALIDATE_PRODUCT = YES;
			};
			name = Release;
		};
		BB80A84D1CEEE27A00677677 /* Debug */ = {
			isa = XCBuildConfiguration;
			buildSettings = {
				ASSETCATALOG_COMPILER_APPICON_NAME = AppIcon;
				INFOPLIST_FILE = RunTimeAlert/Info.plist;
				LD_RUNPATH_SEARCH_PATHS = "$(inherited) @executable_path/Frameworks";
				PRODUCT_BUNDLE_IDENTIFIER = com.yunhu.RunTimeAlert;
				PRODUCT_NAME = "$(TARGET_NAME)";
			};
			name = Debug;
		};
		BB80A84E1CEEE27A00677677 /* Release */ = {
			isa = XCBuildConfiguration;
			buildSettings = {
				ASSETCATALOG_COMPILER_APPICON_NAME = AppIcon;
				INFOPLIST_FILE = RunTimeAlert/Info.plist;
				LD_RUNPATH_SEARCH_PATHS = "$(inherited) @executable_path/Frameworks";
				PRODUCT_BUNDLE_IDENTIFIER = com.yunhu.RunTimeAlert;
				PRODUCT_NAME = "$(TARGET_NAME)";
			};
			name = Release;
		};
/* End XCBuildConfiguration section */

/* Begin XCConfigurationList section */
		BB80A8301CEEE27A00677677 /* Build configuration list for PBXProject "RunTimeAlert" */ = {
			isa = XCConfigurationList;
			buildConfigurations = (
				BB80A84A1CEEE27A00677677 /* Debug */,
				BB80A84B1CEEE27A00677677 /* Release */,
			);
			defaultConfigurationIsVisible = 0;
			defaultConfigurationName = Release;
		};
		BB80A84C1CEEE27A00677677 /* Build configuration list for PBXNativeTarget "RunTimeAlert" */ = {
			isa = XCConfigurationList;
			buildConfigurations = (
				BB80A84D1CEEE27A00677677 /* Debug */,
				BB80A84E1CEEE27A00677677 /* Release */,
			);
			defaultConfigurationIsVisible = 0;
		};
/* End XCConfigurationList section */
	};
	rootObject = BB80A82D1CEEE27A00677677 /* Project object */;
}
